
Microsoft Visual Studio Solution File, Format Version 12.00
# Visual Studio 15
VisualStudioVersion = 15.0.26206.0
MinimumVisualStudioVersion = 10.0.40219.1
Project("{D954291E-2A0B-460D-934E-DC6B0785DB48}") = "BucketApp", "BucketApp\BucketApp\BucketApp.shproj", "{5C726933-F145-4723-90E1-61ED1342B6BE}"
EndProject
Project("{FAE04EC0-301F-11D3-BF4B-00C04F79EFBC}") = "BucketApp.Droid", "BucketApp\BucketApp.Droid\BucketApp.Droid.csproj", "{D90339E6-EBFE-4091-9C9D-9A15CF61635D}"
EndProject
Project("{FAE04EC0-301F-11D3-BF4B-00C04F79EFBC}") = "BucketApp.iOS", "BucketApp\BucketApp.iOS\BucketApp.iOS.csproj", "{A21715D9-2F9E-4452-BA62-708F693EEF5E}"
EndProject
Project("{FAE04EC0-301F-11D3-BF4B-00C04F79EFBC}") = "BucketApp.UWP", "BucketApp\BucketApp.UWP\BucketApp.UWP.csproj", "{F7AC5F34-120C-4FB7-9A45-06DD41164B32}"
EndProject
Project("{FAE04EC0-301F-11D3-BF4B-00C04F79EFBC}") = "OQPYManager", "OQPYManager\OQPYManager.csproj", "{AD6ADBA5-184A-4445-84C5-0CE4EE0CC51E}"
EndProject
Project("{E53339B2-1760-4266-BCC7-CA923CBCF16C}") = "docker-compose", "docker-compose.dcproj", "{96D4F309-33D9-41B2-B113-B080E4546C18}"
EndProject
Global
	GlobalSection(SharedMSBuildProjectFiles) = preSolution
		BucketApp\BucketApp\BucketApp.projitems*{5c726933-f145-4723-90e1-61ed1342b6be}*SharedItemsImports = 13
		BucketApp\BucketApp\BucketApp.projitems*{a21715d9-2f9e-4452-ba62-708f693eef5e}*SharedItemsImports = 4
		BucketApp\BucketApp\BucketApp.projitems*{d90339e6-ebfe-4091-9c9d-9a15cf61635d}*SharedItemsImports = 4
		BucketApp\BucketApp\BucketApp.projitems*{f7ac5f34-120c-4fb7-9a45-06dd41164b32}*SharedItemsImports = 4
	EndGlobalSection
	GlobalSection(SolutionConfigurationPlatforms) = preSolution
		Debug|Any CPU = Debug|Any CPU
		Debug|ARM = Debug|ARM
		Debug|iPhone = Debug|iPhone
		Debug|iPhoneSimulator = Debug|iPhoneSimulator
		Debug|x64 = Debug|x64
		Debug|x86 = Debug|x86
		Release|Any CPU = Release|Any CPU
		Release|ARM = Release|ARM
		Release|iPhone = Release|iPhone
		Release|iPhoneSimulator = Release|iPhoneSimulator
		Release|x64 = Release|x64
		Release|x86 = Release|x86
	EndGlobalSection
	GlobalSection(ProjectConfigurationPlatforms) = postSolution
		{D90339E6-EBFE-4091-9C9D-9A15CF61635D}.Debug|Any CPU.ActiveCfg = Debug|Any CPU
		{D90339E6-EBFE-4091-9C9D-9A15CF61635D}.Debug|Any CPU.Build.0 = Debug|Any CPU
		{D90339E6-EBFE-4091-9C9D-9A15CF61635D}.Debug|Any CPU.Deploy.0 = Debug|Any CPU
		{D90339E6-EBFE-4091-9C9D-9A15CF61635D}.Debug|ARM.ActiveCfg = Debug|Any CPU
		{D90339E6-EBFE-4091-9C9D-9A15CF61635D}.Debug|ARM.Build.0 = Debug|Any CPU
		{D90339E6-EBFE-4091-9C9D-9A15CF61635D}.Debug|ARM.Deploy.0 = Debug|Any CPU
		{D90339E6-EBFE-4091-9C9D-9A15CF61635D}.Debug|iPhone.ActiveCfg = Debug|Any CPU
		{D90339E6-EBFE-4091-9C9D-9A15CF61635D}.Debug|iPhone.Build.0 = Debug|Any CPU
		{D90339E6-EBFE-4091-9C9D-9A15CF61635D}.Debug|iPhone.Deploy.0 = Debug|Any CPU
		{D90339E6-EBFE-4091-9C9D-9A15CF61635D}.Debug|iPhoneSimulator.ActiveCfg = Debug|Any CPU
		{D90339E6-EBFE-4091-9C9D-9A15CF61635D}.Debug|iPhoneSimulator.Build.0 = Debug|Any CPU
		{D90339E6-EBFE-4091-9C9D-9A15CF61635D}.Debug|iPhoneSimulator.Deploy.0 = Debug|Any CPU
		{D90339E6-EBFE-4091-9C9D-9A15CF61635D}.Debug|x64.ActiveCfg = Debug|Any CPU
		{D90339E6-EBFE-4091-9C9D-9A15CF61635D}.Debug|x64.Build.0 = Debug|Any CPU
		{D90339E6-EBFE-4091-9C9D-9A15CF61635D}.Debug|x64.Deploy.0 = Debug|Any CPU
		{D90339E6-EBFE-4091-9C9D-9A15CF61635D}.Debug|x86.ActiveCfg = Debug|Any CPU
		{D90339E6-EBFE-4091-9C9D-9A15CF61635D}.Debug|x86.Build.0 = Debug|Any CPU
		{D90339E6-EBFE-4091-9C9D-9A15CF61635D}.Debug|x86.Deploy.0 = Debug|Any CPU
		{D90339E6-EBFE-4091-9C9D-9A15CF61635D}.Release|Any CPU.ActiveCfg = Release|Any CPU
		{D90339E6-EBFE-4091-9C9D-9A15CF61635D}.Release|Any CPU.Build.0 = Release|Any CPU
		{D90339E6-EBFE-4091-9C9D-9A15CF61635D}.Release|Any CPU.Deploy.0 = Release|Any CPU
		{D90339E6-EBFE-4091-9C9D-9A15CF61635D}.Release|ARM.ActiveCfg = Release|Any CPU
		{D90339E6-EBFE-4091-9C9D-9A15CF61635D}.Release|ARM.Build.0 = Release|Any CPU
		{D90339E6-EBFE-4091-9C9D-9A15CF61635D}.Release|ARM.Deploy.0 = Release|Any CPU
		{D90339E6-EBFE-4091-9C9D-9A15CF61635D}.Release|iPhone.ActiveCfg = Release|Any CPU
		{D90339E6-EBFE-4091-9C9D-9A15CF61635D}.Release|iPhone.Build.0 = Release|Any CPU
		{D90339E6-EBFE-4091-9C9D-9A15CF61635D}.Release|iPhone.Deploy.0 = Release|Any CPU
		{D90339E6-EBFE-4091-9C9D-9A15CF61635D}.Release|iPhoneSimulator.ActiveCfg = Release|Any CPU
		{D90339E6-EBFE-4091-9C9D-9A15CF61635D}.Release|iPhoneSimulator.Build.0 = Release|Any CPU
		{D90339E6-EBFE-4091-9C9D-9A15CF61635D}.Release|iPhoneSimulator.Deploy.0 = Release|Any CPU
		{D90339E6-EBFE-4091-9C9D-9A15CF61635D}.Release|x64.ActiveCfg = Release|Any CPU
		{D90339E6-EBFE-4091-9C9D-9A15CF61635D}.Release|x64.Build.0 = Release|Any CPU
		{D90339E6-EBFE-4091-9C9D-9A15CF61635D}.Release|x64.Deploy.0 = Release|Any CPU
		{D90339E6-EBFE-4091-9C9D-9A15CF61635D}.Release|x86.ActiveCfg = Release|Any CPU
		{D90339E6-EBFE-4091-9C9D-9A15CF61635D}.Release|x86.Build.0 = Release|Any CPU
		{D90339E6-EBFE-4091-9C9D-9A15CF61635D}.Release|x86.Deploy.0 = Release|Any CPU
		{A21715D9-2F9E-4452-BA62-708F693EEF5E}.Debug|Any CPU.ActiveCfg = Debug|iPhone
		{A21715D9-2F9E-4452-BA62-708F693EEF5E}.Debug|ARM.ActiveCfg = Debug|iPhone
		{A21715D9-2F9E-4452-BA62-708F693EEF5E}.Debug|iPhone.ActiveCfg = Debug|iPhone
		{A21715D9-2F9E-4452-BA62-708F693EEF5E}.Debug|iPhone.Build.0 = Debug|iPhone
		{A21715D9-2F9E-4452-BA62-708F693EEF5E}.Debug|iPhoneSimulator.ActiveCfg = Debug|iPhoneSimulator
		{A21715D9-2F9E-4452-BA62-708F693EEF5E}.Debug|iPhoneSimulator.Build.0 = Debug|iPhoneSimulator
		{A21715D9-2F9E-4452-BA62-708F693EEF5E}.Debug|x64.ActiveCfg = Debug|iPhone
		{A21715D9-2F9E-4452-BA62-708F693EEF5E}.Debug|x86.ActiveCfg = Debug|iPhone
		{A21715D9-2F9E-4452-BA62-708F693EEF5E}.Release|Any CPU.ActiveCfg = Release|iPhone
		{A21715D9-2F9E-4452-BA62-708F693EEF5E}.Release|ARM.ActiveCfg = Release|iPhone
		{A21715D9-2F9E-4452-BA62-708F693EEF5E}.Release|iPhone.ActiveCfg = Release|iPhone
		{A21715D9-2F9E-4452-BA62-708F693EEF5E}.Release|iPhone.Build.0 = Release|iPhone
		{A21715D9-2F9E-4452-BA62-708F693EEF5E}.Release|iPhoneSimulator.ActiveCfg = Release|iPhoneSimulator
		{A21715D9-2F9E-4452-BA62-708F693EEF5E}.Release|iPhoneSimulator.Build.0 = Release|iPhoneSimulator
		{A21715D9-2F9E-4452-BA62-708F693EEF5E}.Release|x64.ActiveCfg = Release|iPhone
		{A21715D9-2F9E-4452-BA62-708F693EEF5E}.Release|x86.ActiveCfg = Release|iPhone
		{F7AC5F34-120C-4FB7-9A45-06DD41164B32}.Debug|Any CPU.ActiveCfg = Debug|x64
		{F7AC5F34-120C-4FB7-9A45-06DD41164B32}.Debug|Any CPU.Build.0 = Debug|x64
		{F7AC5F34-120C-4FB7-9A45-06DD41164B32}.Debug|Any CPU.Deploy.0 = Debug|x64
		{F7AC5F34-120C-4FB7-9A45-06DD41164B32}.Debug|ARM.ActiveCfg = Debug|ARM
		{F7AC5F34-120C-4FB7-9A45-06DD41164B32}.Debug|ARM.Build.0 = Debug|ARM
		{F7AC5F34-120C-4FB7-9A45-06DD41164B32}.Debug|ARM.Deploy.0 = Debug|ARM
		{F7AC5F34-120C-4FB7-9A45-06DD41164B32}.Debug|iPhone.ActiveCfg = Debug|x86
		{F7AC5F34-120C-4FB7-9A45-06DD41164B32}.Debug|iPhoneSimulator.ActiveCfg = Debug|x86
		{F7AC5F34-120C-4FB7-9A45-06DD41164B32}.Debug|x64.ActiveCfg = Debug|x64
		{F7AC5F34-120C-4FB7-9A45-06DD41164B32}.Debug|x64.Build.0 = Debug|x64
		{F7AC5F34-120C-4FB7-9A45-06DD41164B32}.Debug|x64.Deploy.0 = Debug|x64
		{F7AC5F34-120C-4FB7-9A45-06DD41164B32}.Debug|x86.ActiveCfg = Debug|x86
		{F7AC5F34-120C-4FB7-9A45-06DD41164B32}.Debug|x86.Build.0 = Debug|x86
		{F7AC5F34-120C-4FB7-9A45-06DD41164B32}.Debug|x86.Deploy.0 = Debug|x86
		{F7AC5F34-120C-4FB7-9A45-06DD41164B32}.Release|Any CPU.ActiveCfg = Release|x86
		{F7AC5F34-120C-4FB7-9A45-06DD41164B32}.Release|ARM.ActiveCfg = Release|ARM
		{F7AC5F34-120C-4FB7-9A45-06DD41164B32}.Release|ARM.Build.0 = Release|ARM
		{F7AC5F34-120C-4FB7-9A45-06DD41164B32}.Release|ARM.Deploy.0 = Release|ARM
		{F7AC5F34-120C-4FB7-9A45-06DD41164B32}.Release|iPhone.ActiveCfg = Release|x86
		{F7AC5F34-120C-4FB7-9A45-06DD41164B32}.Release|iPhoneSimulator.ActiveCfg = Release|x86
		{F7AC5F34-120C-4FB7-9A45-06DD41164B32}.Release|x64.ActiveCfg = Release|x64
		{F7AC5F34-120C-4FB7-9A45-06DD41164B32}.Release|x64.Build.0 = Release|x64
		{F7AC5F34-120C-4FB7-9A45-06DD41164B32}.Release|x64.Deploy.0 = Release|x64
		{F7AC5F34-120C-4FB7-9A45-06DD41164B32}.Release|x86.ActiveCfg = Release|x86
		{F7AC5F34-120C-4FB7-9A45-06DD41164B32}.Release|x86.Build.0 = Release|x86
		{F7AC5F34-120C-4FB7-9A45-06DD41164B32}.Release|x86.Deploy.0 = Release|x86
		{AD6ADBA5-184A-4445-84C5-0CE4EE0CC51E}.Debug|Any CPU.ActiveCfg = Debug|Any CPU
		{AD6ADBA5-184A-4445-84C5-0CE4EE0CC51E}.Debug|Any CPU.Build.0 = Debug|Any CPU
		{AD6ADBA5-184A-4445-84C5-0CE4EE0CC51E}.Debug|ARM.ActiveCfg = Debug|Any CPU
		{AD6ADBA5-184A-4445-84C5-0CE4EE0CC51E}.Debug|ARM.Build.0 = Debug|Any CPU
		{AD6ADBA5-184A-4445-84C5-0CE4EE0CC51E}.Debug|iPhone.ActiveCfg = Debug|Any CPU
		{AD6ADBA5-184A-4445-84C5-0CE4EE0CC51E}.Debug|iPhone.Build.0 = Debug|Any CPU
		{AD6ADBA5-184A-4445-84C5-0CE4EE0CC51E}.Debug|iPhoneSimulator.ActiveCfg = Debug|Any CPU
		{AD6ADBA5-184A-4445-84C5-0CE4EE0CC51E}.Debug|iPhoneSimulator.Build.0 = Debug|Any CPU
		{AD6ADBA5-184A-4445-84C5-0CE4EE0CC51E}.Debug|x64.ActiveCfg = Debug|x64
		{AD6ADBA5-184A-4445-84C5-0CE4EE0CC51E}.Debug|x64.Build.0 = Debug|x64
		{AD6ADBA5-184A-4445-84C5-0CE4EE0CC51E}.Debug|x86.ActiveCfg = Debug|x86
		{AD6ADBA5-184A-4445-84C5-0CE4EE0CC51E}.Debug|x86.Build.0 = Debug|x86
		{AD6ADBA5-184A-4445-84C5-0CE4EE0CC51E}.Release|Any CPU.ActiveCfg = Release|Any CPU
		{AD6ADBA5-184A-4445-84C5-0CE4EE0CC51E}.Release|Any CPU.Build.0 = Release|Any CPU
		{AD6ADBA5-184A-4445-84C5-0CE4EE0CC51E}.Release|ARM.ActiveCfg = Release|Any CPU
		{AD6ADBA5-184A-4445-84C5-0CE4EE0CC51E}.Release|ARM.Build.0 = Release|Any CPU
		{AD6ADBA5-184A-4445-84C5-0CE4EE0CC51E}.Release|iPhone.ActiveCfg = Release|Any CPU
		{AD6ADBA5-184A-4445-84C5-0CE4EE0CC51E}.Release|iPhone.Build.0 = Release|Any CPU
		{AD6ADBA5-184A-4445-84C5-0CE4EE0CC51E}.Release|iPhoneSimulator.ActiveCfg = Release|Any CPU
		{AD6ADBA5-184A-4445-84C5-0CE4EE0CC51E}.Release|iPhoneSimulator.Build.0 = Release|Any CPU
		{AD6ADBA5-184A-4445-84C5-0CE4EE0CC51E}.Release|x64.ActiveCfg = Release|x64
		{AD6ADBA5-184A-4445-84C5-0CE4EE0CC51E}.Release|x64.Build.0 = Release|x64
		{AD6ADBA5-184A-4445-84C5-0CE4EE0CC51E}.Release|x86.ActiveCfg = Release|x86
		{AD6ADBA5-184A-4445-84C5-0CE4EE0CC51E}.Release|x86.Build.0 = Release|x86
		{96D4F309-33D9-41B2-B113-B080E4546C18}.Debug|Any CPU.ActiveCfg = Debug|Any CPU
		{96D4F309-33D9-41B2-B113-B080E4546C18}.Debug|Any CPU.Build.0 = Debug|Any CPU
		{96D4F309-33D9-41B2-B113-B080E4546C18}.Debug|ARM.ActiveCfg = Debug|Any CPU
		{96D4F309-33D9-41B2-B113-B080E4546C18}.Debug|ARM.Build.0 = Debug|Any CPU
		{96D4F309-33D9-41B2-B113-B080E4546C18}.Debug|iPhone.ActiveCfg = Debug|Any CPU
		{96D4F309-33D9-41B2-B113-B080E4546C18}.Debug|iPhone.Build.0 = Debug|Any CPU
		{96D4F309-33D9-41B2-B113-B080E4546C18}.Debug|iPhoneSimulator.ActiveCfg = Debug|Any CPU
		{96D4F309-33D9-41B2-B113-B080E4546C18}.Debug|iPhoneSimulator.Build.0 = Debug|Any CPU
		{96D4F309-33D9-41B2-B113-B080E4546C18}.Debug|x64.ActiveCfg = Debug|Any CPU
		{96D4F309-33D9-41B2-B113-B080E4546C18}.Debug|x64.Build.0 = Debug|Any CPU
		{96D4F309-33D9-41B2-B113-B080E4546C18}.Debug|x86.ActiveCfg = Debug|Any CPU
		{96D4F309-33D9-41B2-B113-B080E4546C18}.Debug|x86.Build.0 = Debug|Any CPU
		{96D4F309-33D9-41B2-B113-B080E4546C18}.Release|Any CPU.ActiveCfg = Release|Any CPU
		{96D4F309-33D9-41B2-B113-B080E4546C18}.Release|Any CPU.Build.0 = Release|Any CPU
		{96D4F309-33D9-41B2-B113-B080E4546C18}.Release|ARM.ActiveCfg = Release|Any CPU
		{96D4F309-33D9-41B2-B113-B080E4546C18}.Release|ARM.Build.0 = Release|Any CPU
		{96D4F309-33D9-41B2-B113-B080E4546C18}.Release|iPhone.ActiveCfg = Release|Any CPU
		{96D4F309-33D9-41B2-B113-B080E4546C18}.Release|iPhone.Build.0 = Release|Any CPU
		{96D4F309-33D9-41B2-B113-B080E4546C18}.Release|iPhoneSimulator.ActiveCfg = Release|Any CPU
		{96D4F309-33D9-41B2-B113-B080E4546C18}.Release|iPhoneSimulator.Build.0 = Release|Any CPU
		{96D4F309-33D9-41B2-B113-B080E4546C18}.Release|x64.ActiveCfg = Release|Any CPU
		{96D4F309-33D9-41B2-B113-B080E4546C18}.Release|x64.Build.0 = Release|Any CPU
		{96D4F309-33D9-41B2-B113-B080E4546C18}.Release|x86.ActiveCfg = Release|Any CPU
		{96D4F309-33D9-41B2-B113-B080E4546C18}.Release|x86.Build.0 = Release|Any CPU
	EndGlobalSection
	GlobalSection(SolutionProperties) = preSolution
		HideSolutionNode = FALSE
	EndGlobalSection
EndGlobal
