
Microsoft Visual Studio Solution File, Format Version 12.00
# Visual Studio 15
VisualStudioVersion = 15.0.26228.9
MinimumVisualStudioVersion = 10.0.40219.1
Project("{9A19103F-16F7-4668-BE54-9A1E7A4F7556}") = "OQPYManager", "OQPYManager\OQPYManager.csproj", "{AD6ADBA5-184A-4445-84C5-0CE4EE0CC51E}"
EndProject
Project("{E53339B2-1760-4266-BCC7-CA923CBCF16C}") = "docker-compose", "docker-compose.dcproj", "{96D4F309-33D9-41B2-B113-B080E4546C18}"
EndProject
Project("{D954291E-2A0B-460D-934E-DC6B0785DB48}") = "OQPYStuffManager", "..\OQPYStuffManager\OQPYStuffManager\OQPYStuffManager.shproj", "{A3D573B4-8BEB-4C5A-AC96-861E3FE6C563}"
EndProject
Project("{FAE04EC0-301F-11D3-BF4B-00C04F79EFBC}") = "OQPYStuffManager.Android", "..\OQPYStuffManager\OQPYStuffManager.Android\OQPYStuffManager.Android.csproj", "{AFF0A3B2-896F-4DA7-BAFF-B5E4BFB4ECA5}"
EndProject
Project("{FAE04EC0-301F-11D3-BF4B-00C04F79EFBC}") = "OQPYStuffManager.iOS", "..\OQPYStuffManager\OQPYStuffManager.iOS\OQPYStuffManager.iOS.csproj", "{B5B0FB98-942F-4CC7-ABFB-77F2E32F6A8F}"
EndProject
Project("{FAE04EC0-301F-11D3-BF4B-00C04F79EFBC}") = "OQPYStuffManager.UWP", "..\OQPYStuffManager\OQPYStuffManager.UWP\OQPYStuffManager.UWP.csproj", "{E2281767-05DC-4945-8A72-850B4DA611F5}"
EndProject
Global
	GlobalSection(SharedMSBuildProjectFiles) = preSolution
		..\OQPYStuffManager\OQPYStuffManager\OQPYStuffManager.projitems*{a3d573b4-8beb-4c5a-ac96-861e3fe6c563}*SharedItemsImports = 13
		..\OQPYStuffManager\OQPYStuffManager\OQPYStuffManager.projitems*{aff0a3b2-896f-4da7-baff-b5e4bfb4eca5}*SharedItemsImports = 4
		..\OQPYStuffManager\OQPYStuffManager\OQPYStuffManager.projitems*{b5b0fb98-942f-4cc7-abfb-77f2e32f6a8f}*SharedItemsImports = 4
	EndGlobalSection
	GlobalSection(SolutionConfigurationPlatforms) = preSolution
		Ad-Hoc|Any CPU = Ad-Hoc|Any CPU
		Ad-Hoc|ARM = Ad-Hoc|ARM
		Ad-Hoc|iPhone = Ad-Hoc|iPhone
		Ad-Hoc|iPhoneSimulator = Ad-Hoc|iPhoneSimulator
		Ad-Hoc|x64 = Ad-Hoc|x64
		Ad-Hoc|x86 = Ad-Hoc|x86
		AppStore|Any CPU = AppStore|Any CPU
		AppStore|ARM = AppStore|ARM
		AppStore|iPhone = AppStore|iPhone
		AppStore|iPhoneSimulator = AppStore|iPhoneSimulator
		AppStore|x64 = AppStore|x64
		AppStore|x86 = AppStore|x86
		Debug|Any CPU = Debug|Any CPU
		Debug|ARM = Debug|ARM
		Debug|iPhone = Debug|iPhone
		Debug|iPhoneSimulator = Debug|iPhoneSimulator
		Debug|x64 = Debug|x64
		Debug|x86 = Debug|x86
		Release|Any CPU = Release|Any CPU
		Release|ARM = Release|ARM
		Release|iPhone = Release|iPhone
		Release|iPhoneSimulator = Release|iPhoneSimulator
		Release|x64 = Release|x64
		Release|x86 = Release|x86
	EndGlobalSection
	GlobalSection(ProjectConfigurationPlatforms) = postSolution
		{AD6ADBA5-184A-4445-84C5-0CE4EE0CC51E}.Ad-Hoc|Any CPU.ActiveCfg = Release|Any CPU
		{AD6ADBA5-184A-4445-84C5-0CE4EE0CC51E}.Ad-Hoc|Any CPU.Build.0 = Release|Any CPU
		{AD6ADBA5-184A-4445-84C5-0CE4EE0CC51E}.Ad-Hoc|ARM.ActiveCfg = Release|Any CPU
		{AD6ADBA5-184A-4445-84C5-0CE4EE0CC51E}.Ad-Hoc|ARM.Build.0 = Release|Any CPU
		{AD6ADBA5-184A-4445-84C5-0CE4EE0CC51E}.Ad-Hoc|iPhone.ActiveCfg = Release|Any CPU
		{AD6ADBA5-184A-4445-84C5-0CE4EE0CC51E}.Ad-Hoc|iPhone.Build.0 = Release|Any CPU
		{AD6ADBA5-184A-4445-84C5-0CE4EE0CC51E}.Ad-Hoc|iPhoneSimulator.ActiveCfg = Release|Any CPU
		{AD6ADBA5-184A-4445-84C5-0CE4EE0CC51E}.Ad-Hoc|iPhoneSimulator.Build.0 = Release|Any CPU
		{AD6ADBA5-184A-4445-84C5-0CE4EE0CC51E}.Ad-Hoc|x64.ActiveCfg = Release|Any CPU
		{AD6ADBA5-184A-4445-84C5-0CE4EE0CC51E}.Ad-Hoc|x64.Build.0 = Release|Any CPU
		{AD6ADBA5-184A-4445-84C5-0CE4EE0CC51E}.Ad-Hoc|x86.ActiveCfg = Release|Any CPU
		{AD6ADBA5-184A-4445-84C5-0CE4EE0CC51E}.Ad-Hoc|x86.Build.0 = Release|Any CPU
		{AD6ADBA5-184A-4445-84C5-0CE4EE0CC51E}.AppStore|Any CPU.ActiveCfg = Release|Any CPU
		{AD6ADBA5-184A-4445-84C5-0CE4EE0CC51E}.AppStore|Any CPU.Build.0 = Release|Any CPU
		{AD6ADBA5-184A-4445-84C5-0CE4EE0CC51E}.AppStore|ARM.ActiveCfg = Release|Any CPU
		{AD6ADBA5-184A-4445-84C5-0CE4EE0CC51E}.AppStore|ARM.Build.0 = Release|Any CPU
		{AD6ADBA5-184A-4445-84C5-0CE4EE0CC51E}.AppStore|iPhone.ActiveCfg = Release|Any CPU
		{AD6ADBA5-184A-4445-84C5-0CE4EE0CC51E}.AppStore|iPhone.Build.0 = Release|Any CPU
		{AD6ADBA5-184A-4445-84C5-0CE4EE0CC51E}.AppStore|iPhoneSimulator.ActiveCfg = Release|Any CPU
		{AD6ADBA5-184A-4445-84C5-0CE4EE0CC51E}.AppStore|iPhoneSimulator.Build.0 = Release|Any CPU
		{AD6ADBA5-184A-4445-84C5-0CE4EE0CC51E}.AppStore|x64.ActiveCfg = Release|Any CPU
		{AD6ADBA5-184A-4445-84C5-0CE4EE0CC51E}.AppStore|x64.Build.0 = Release|Any CPU
		{AD6ADBA5-184A-4445-84C5-0CE4EE0CC51E}.AppStore|x86.ActiveCfg = Release|Any CPU
		{AD6ADBA5-184A-4445-84C5-0CE4EE0CC51E}.AppStore|x86.Build.0 = Release|Any CPU
		{AD6ADBA5-184A-4445-84C5-0CE4EE0CC51E}.Debug|Any CPU.ActiveCfg = Debug|Any CPU
		{AD6ADBA5-184A-4445-84C5-0CE4EE0CC51E}.Debug|Any CPU.Build.0 = Debug|Any CPU
		{AD6ADBA5-184A-4445-84C5-0CE4EE0CC51E}.Debug|ARM.ActiveCfg = Debug|Any CPU
		{AD6ADBA5-184A-4445-84C5-0CE4EE0CC51E}.Debug|ARM.Build.0 = Debug|Any CPU
		{AD6ADBA5-184A-4445-84C5-0CE4EE0CC51E}.Debug|iPhone.ActiveCfg = Debug|Any CPU
		{AD6ADBA5-184A-4445-84C5-0CE4EE0CC51E}.Debug|iPhone.Build.0 = Debug|Any CPU
		{AD6ADBA5-184A-4445-84C5-0CE4EE0CC51E}.Debug|iPhoneSimulator.ActiveCfg = Debug|Any CPU
		{AD6ADBA5-184A-4445-84C5-0CE4EE0CC51E}.Debug|iPhoneSimulator.Build.0 = Debug|Any CPU
		{AD6ADBA5-184A-4445-84C5-0CE4EE0CC51E}.Debug|x64.ActiveCfg = Debug|Any CPU
		{AD6ADBA5-184A-4445-84C5-0CE4EE0CC51E}.Debug|x64.Build.0 = Debug|Any CPU
		{AD6ADBA5-184A-4445-84C5-0CE4EE0CC51E}.Debug|x86.ActiveCfg = Debug|Any CPU
		{AD6ADBA5-184A-4445-84C5-0CE4EE0CC51E}.Debug|x86.Build.0 = Debug|Any CPU
		{AD6ADBA5-184A-4445-84C5-0CE4EE0CC51E}.Release|Any CPU.ActiveCfg = Release|Any CPU
		{AD6ADBA5-184A-4445-84C5-0CE4EE0CC51E}.Release|Any CPU.Build.0 = Release|Any CPU
		{AD6ADBA5-184A-4445-84C5-0CE4EE0CC51E}.Release|ARM.ActiveCfg = Release|Any CPU
		{AD6ADBA5-184A-4445-84C5-0CE4EE0CC51E}.Release|ARM.Build.0 = Release|Any CPU
		{AD6ADBA5-184A-4445-84C5-0CE4EE0CC51E}.Release|iPhone.ActiveCfg = Release|Any CPU
		{AD6ADBA5-184A-4445-84C5-0CE4EE0CC51E}.Release|iPhone.Build.0 = Release|Any CPU
		{AD6ADBA5-184A-4445-84C5-0CE4EE0CC51E}.Release|iPhoneSimulator.ActiveCfg = Release|Any CPU
		{AD6ADBA5-184A-4445-84C5-0CE4EE0CC51E}.Release|iPhoneSimulator.Build.0 = Release|Any CPU
		{AD6ADBA5-184A-4445-84C5-0CE4EE0CC51E}.Release|x64.ActiveCfg = Release|Any CPU
		{AD6ADBA5-184A-4445-84C5-0CE4EE0CC51E}.Release|x64.Build.0 = Release|Any CPU
		{AD6ADBA5-184A-4445-84C5-0CE4EE0CC51E}.Release|x86.ActiveCfg = Release|Any CPU
		{AD6ADBA5-184A-4445-84C5-0CE4EE0CC51E}.Release|x86.Build.0 = Release|Any CPU
		{96D4F309-33D9-41B2-B113-B080E4546C18}.Ad-Hoc|Any CPU.ActiveCfg = Release|Any CPU
		{96D4F309-33D9-41B2-B113-B080E4546C18}.Ad-Hoc|Any CPU.Build.0 = Release|Any CPU
		{96D4F309-33D9-41B2-B113-B080E4546C18}.Ad-Hoc|ARM.ActiveCfg = Release|Any CPU
		{96D4F309-33D9-41B2-B113-B080E4546C18}.Ad-Hoc|ARM.Build.0 = Release|Any CPU
		{96D4F309-33D9-41B2-B113-B080E4546C18}.Ad-Hoc|iPhone.ActiveCfg = Release|Any CPU
		{96D4F309-33D9-41B2-B113-B080E4546C18}.Ad-Hoc|iPhone.Build.0 = Release|Any CPU
		{96D4F309-33D9-41B2-B113-B080E4546C18}.Ad-Hoc|iPhoneSimulator.ActiveCfg = Release|Any CPU
		{96D4F309-33D9-41B2-B113-B080E4546C18}.Ad-Hoc|iPhoneSimulator.Build.0 = Release|Any CPU
		{96D4F309-33D9-41B2-B113-B080E4546C18}.Ad-Hoc|x64.ActiveCfg = Release|Any CPU
		{96D4F309-33D9-41B2-B113-B080E4546C18}.Ad-Hoc|x64.Build.0 = Release|Any CPU
		{96D4F309-33D9-41B2-B113-B080E4546C18}.Ad-Hoc|x86.ActiveCfg = Release|Any CPU
		{96D4F309-33D9-41B2-B113-B080E4546C18}.Ad-Hoc|x86.Build.0 = Release|Any CPU
		{96D4F309-33D9-41B2-B113-B080E4546C18}.AppStore|Any CPU.ActiveCfg = Release|Any CPU
		{96D4F309-33D9-41B2-B113-B080E4546C18}.AppStore|Any CPU.Build.0 = Release|Any CPU
		{96D4F309-33D9-41B2-B113-B080E4546C18}.AppStore|ARM.ActiveCfg = Release|Any CPU
		{96D4F309-33D9-41B2-B113-B080E4546C18}.AppStore|ARM.Build.0 = Release|Any CPU
		{96D4F309-33D9-41B2-B113-B080E4546C18}.AppStore|iPhone.ActiveCfg = Release|Any CPU
		{96D4F309-33D9-41B2-B113-B080E4546C18}.AppStore|iPhone.Build.0 = Release|Any CPU
		{96D4F309-33D9-41B2-B113-B080E4546C18}.AppStore|iPhoneSimulator.ActiveCfg = Release|Any CPU
		{96D4F309-33D9-41B2-B113-B080E4546C18}.AppStore|iPhoneSimulator.Build.0 = Release|Any CPU
		{96D4F309-33D9-41B2-B113-B080E4546C18}.AppStore|x64.ActiveCfg = Release|Any CPU
		{96D4F309-33D9-41B2-B113-B080E4546C18}.AppStore|x64.Build.0 = Release|Any CPU
		{96D4F309-33D9-41B2-B113-B080E4546C18}.AppStore|x86.ActiveCfg = Release|Any CPU
		{96D4F309-33D9-41B2-B113-B080E4546C18}.AppStore|x86.Build.0 = Release|Any CPU
		{96D4F309-33D9-41B2-B113-B080E4546C18}.Debug|Any CPU.ActiveCfg = Debug|Any CPU
		{96D4F309-33D9-41B2-B113-B080E4546C18}.Debug|Any CPU.Build.0 = Debug|Any CPU
		{96D4F309-33D9-41B2-B113-B080E4546C18}.Debug|ARM.ActiveCfg = Debug|Any CPU
		{96D4F309-33D9-41B2-B113-B080E4546C18}.Debug|ARM.Build.0 = Debug|Any CPU
		{96D4F309-33D9-41B2-B113-B080E4546C18}.Debug|iPhone.ActiveCfg = Debug|Any CPU
		{96D4F309-33D9-41B2-B113-B080E4546C18}.Debug|iPhone.Build.0 = Debug|Any CPU
		{96D4F309-33D9-41B2-B113-B080E4546C18}.Debug|iPhoneSimulator.ActiveCfg = Debug|Any CPU
		{96D4F309-33D9-41B2-B113-B080E4546C18}.Debug|iPhoneSimulator.Build.0 = Debug|Any CPU
		{96D4F309-33D9-41B2-B113-B080E4546C18}.Debug|x64.ActiveCfg = Debug|Any CPU
		{96D4F309-33D9-41B2-B113-B080E4546C18}.Debug|x64.Build.0 = Debug|Any CPU
		{96D4F309-33D9-41B2-B113-B080E4546C18}.Debug|x86.ActiveCfg = Debug|Any CPU
		{96D4F309-33D9-41B2-B113-B080E4546C18}.Debug|x86.Build.0 = Debug|Any CPU
		{96D4F309-33D9-41B2-B113-B080E4546C18}.Release|Any CPU.ActiveCfg = Release|Any CPU
		{96D4F309-33D9-41B2-B113-B080E4546C18}.Release|Any CPU.Build.0 = Release|Any CPU
		{96D4F309-33D9-41B2-B113-B080E4546C18}.Release|ARM.ActiveCfg = Release|Any CPU
		{96D4F309-33D9-41B2-B113-B080E4546C18}.Release|ARM.Build.0 = Release|Any CPU
		{96D4F309-33D9-41B2-B113-B080E4546C18}.Release|iPhone.ActiveCfg = Release|Any CPU
		{96D4F309-33D9-41B2-B113-B080E4546C18}.Release|iPhone.Build.0 = Release|Any CPU
		{96D4F309-33D9-41B2-B113-B080E4546C18}.Release|iPhoneSimulator.ActiveCfg = Release|Any CPU
		{96D4F309-33D9-41B2-B113-B080E4546C18}.Release|iPhoneSimulator.Build.0 = Release|Any CPU
		{96D4F309-33D9-41B2-B113-B080E4546C18}.Release|x64.ActiveCfg = Release|Any CPU
		{96D4F309-33D9-41B2-B113-B080E4546C18}.Release|x64.Build.0 = Release|Any CPU
		{96D4F309-33D9-41B2-B113-B080E4546C18}.Release|x86.ActiveCfg = Release|Any CPU
		{96D4F309-33D9-41B2-B113-B080E4546C18}.Release|x86.Build.0 = Release|Any CPU
		{AFF0A3B2-896F-4DA7-BAFF-B5E4BFB4ECA5}.Ad-Hoc|Any CPU.ActiveCfg = Release|Any CPU
		{AFF0A3B2-896F-4DA7-BAFF-B5E4BFB4ECA5}.Ad-Hoc|Any CPU.Build.0 = Release|Any CPU
		{AFF0A3B2-896F-4DA7-BAFF-B5E4BFB4ECA5}.Ad-Hoc|Any CPU.Deploy.0 = Release|Any CPU
		{AFF0A3B2-896F-4DA7-BAFF-B5E4BFB4ECA5}.Ad-Hoc|ARM.ActiveCfg = Release|Any CPU
		{AFF0A3B2-896F-4DA7-BAFF-B5E4BFB4ECA5}.Ad-Hoc|ARM.Build.0 = Release|Any CPU
		{AFF0A3B2-896F-4DA7-BAFF-B5E4BFB4ECA5}.Ad-Hoc|ARM.Deploy.0 = Release|Any CPU
		{AFF0A3B2-896F-4DA7-BAFF-B5E4BFB4ECA5}.Ad-Hoc|iPhone.ActiveCfg = Release|Any CPU
		{AFF0A3B2-896F-4DA7-BAFF-B5E4BFB4ECA5}.Ad-Hoc|iPhone.Build.0 = Release|Any CPU
		{AFF0A3B2-896F-4DA7-BAFF-B5E4BFB4ECA5}.Ad-Hoc|iPhone.Deploy.0 = Release|Any CPU
		{AFF0A3B2-896F-4DA7-BAFF-B5E4BFB4ECA5}.Ad-Hoc|iPhoneSimulator.ActiveCfg = Release|Any CPU
		{AFF0A3B2-896F-4DA7-BAFF-B5E4BFB4ECA5}.Ad-Hoc|iPhoneSimulator.Build.0 = Release|Any CPU
		{AFF0A3B2-896F-4DA7-BAFF-B5E4BFB4ECA5}.Ad-Hoc|iPhoneSimulator.Deploy.0 = Release|Any CPU
		{AFF0A3B2-896F-4DA7-BAFF-B5E4BFB4ECA5}.Ad-Hoc|x64.ActiveCfg = Release|Any CPU
		{AFF0A3B2-896F-4DA7-BAFF-B5E4BFB4ECA5}.Ad-Hoc|x64.Build.0 = Release|Any CPU
		{AFF0A3B2-896F-4DA7-BAFF-B5E4BFB4ECA5}.Ad-Hoc|x64.Deploy.0 = Release|Any CPU
		{AFF0A3B2-896F-4DA7-BAFF-B5E4BFB4ECA5}.Ad-Hoc|x86.ActiveCfg = Release|Any CPU
		{AFF0A3B2-896F-4DA7-BAFF-B5E4BFB4ECA5}.Ad-Hoc|x86.Build.0 = Release|Any CPU
		{AFF0A3B2-896F-4DA7-BAFF-B5E4BFB4ECA5}.Ad-Hoc|x86.Deploy.0 = Release|Any CPU
		{AFF0A3B2-896F-4DA7-BAFF-B5E4BFB4ECA5}.AppStore|Any CPU.ActiveCfg = Release|Any CPU
		{AFF0A3B2-896F-4DA7-BAFF-B5E4BFB4ECA5}.AppStore|Any CPU.Build.0 = Release|Any CPU
		{AFF0A3B2-896F-4DA7-BAFF-B5E4BFB4ECA5}.AppStore|Any CPU.Deploy.0 = Release|Any CPU
		{AFF0A3B2-896F-4DA7-BAFF-B5E4BFB4ECA5}.AppStore|ARM.ActiveCfg = Release|Any CPU
		{AFF0A3B2-896F-4DA7-BAFF-B5E4BFB4ECA5}.AppStore|ARM.Build.0 = Release|Any CPU
		{AFF0A3B2-896F-4DA7-BAFF-B5E4BFB4ECA5}.AppStore|ARM.Deploy.0 = Release|Any CPU
		{AFF0A3B2-896F-4DA7-BAFF-B5E4BFB4ECA5}.AppStore|iPhone.ActiveCfg = Release|Any CPU
		{AFF0A3B2-896F-4DA7-BAFF-B5E4BFB4ECA5}.AppStore|iPhone.Build.0 = Release|Any CPU
		{AFF0A3B2-896F-4DA7-BAFF-B5E4BFB4ECA5}.AppStore|iPhone.Deploy.0 = Release|Any CPU
		{AFF0A3B2-896F-4DA7-BAFF-B5E4BFB4ECA5}.AppStore|iPhoneSimulator.ActiveCfg = Release|Any CPU
		{AFF0A3B2-896F-4DA7-BAFF-B5E4BFB4ECA5}.AppStore|iPhoneSimulator.Build.0 = Release|Any CPU
		{AFF0A3B2-896F-4DA7-BAFF-B5E4BFB4ECA5}.AppStore|iPhoneSimulator.Deploy.0 = Release|Any CPU
		{AFF0A3B2-896F-4DA7-BAFF-B5E4BFB4ECA5}.AppStore|x64.ActiveCfg = Release|Any CPU
		{AFF0A3B2-896F-4DA7-BAFF-B5E4BFB4ECA5}.AppStore|x64.Build.0 = Release|Any CPU
		{AFF0A3B2-896F-4DA7-BAFF-B5E4BFB4ECA5}.AppStore|x64.Deploy.0 = Release|Any CPU
		{AFF0A3B2-896F-4DA7-BAFF-B5E4BFB4ECA5}.AppStore|x86.ActiveCfg = Release|Any CPU
		{AFF0A3B2-896F-4DA7-BAFF-B5E4BFB4ECA5}.AppStore|x86.Build.0 = Release|Any CPU
		{AFF0A3B2-896F-4DA7-BAFF-B5E4BFB4ECA5}.AppStore|x86.Deploy.0 = Release|Any CPU
		{AFF0A3B2-896F-4DA7-BAFF-B5E4BFB4ECA5}.Debug|Any CPU.ActiveCfg = Debug|Any CPU
		{AFF0A3B2-896F-4DA7-BAFF-B5E4BFB4ECA5}.Debug|Any CPU.Build.0 = Debug|Any CPU
		{AFF0A3B2-896F-4DA7-BAFF-B5E4BFB4ECA5}.Debug|Any CPU.Deploy.0 = Debug|Any CPU
		{AFF0A3B2-896F-4DA7-BAFF-B5E4BFB4ECA5}.Debug|ARM.ActiveCfg = Debug|Any CPU
		{AFF0A3B2-896F-4DA7-BAFF-B5E4BFB4ECA5}.Debug|ARM.Build.0 = Debug|Any CPU
		{AFF0A3B2-896F-4DA7-BAFF-B5E4BFB4ECA5}.Debug|ARM.Deploy.0 = Debug|Any CPU
		{AFF0A3B2-896F-4DA7-BAFF-B5E4BFB4ECA5}.Debug|iPhone.ActiveCfg = Debug|Any CPU
		{AFF0A3B2-896F-4DA7-BAFF-B5E4BFB4ECA5}.Debug|iPhone.Build.0 = Debug|Any CPU
		{AFF0A3B2-896F-4DA7-BAFF-B5E4BFB4ECA5}.Debug|iPhone.Deploy.0 = Debug|Any CPU
		{AFF0A3B2-896F-4DA7-BAFF-B5E4BFB4ECA5}.Debug|iPhoneSimulator.ActiveCfg = Debug|Any CPU
		{AFF0A3B2-896F-4DA7-BAFF-B5E4BFB4ECA5}.Debug|iPhoneSimulator.Build.0 = Debug|Any CPU
		{AFF0A3B2-896F-4DA7-BAFF-B5E4BFB4ECA5}.Debug|iPhoneSimulator.Deploy.0 = Debug|Any CPU
		{AFF0A3B2-896F-4DA7-BAFF-B5E4BFB4ECA5}.Debug|x64.ActiveCfg = Debug|Any CPU
		{AFF0A3B2-896F-4DA7-BAFF-B5E4BFB4ECA5}.Debug|x64.Build.0 = Debug|Any CPU
		{AFF0A3B2-896F-4DA7-BAFF-B5E4BFB4ECA5}.Debug|x64.Deploy.0 = Debug|Any CPU
		{AFF0A3B2-896F-4DA7-BAFF-B5E4BFB4ECA5}.Debug|x86.ActiveCfg = Debug|Any CPU
		{AFF0A3B2-896F-4DA7-BAFF-B5E4BFB4ECA5}.Debug|x86.Build.0 = Debug|Any CPU
		{AFF0A3B2-896F-4DA7-BAFF-B5E4BFB4ECA5}.Debug|x86.Deploy.0 = Debug|Any CPU
		{AFF0A3B2-896F-4DA7-BAFF-B5E4BFB4ECA5}.Release|Any CPU.ActiveCfg = Release|Any CPU
		{AFF0A3B2-896F-4DA7-BAFF-B5E4BFB4ECA5}.Release|Any CPU.Build.0 = Release|Any CPU
		{AFF0A3B2-896F-4DA7-BAFF-B5E4BFB4ECA5}.Release|Any CPU.Deploy.0 = Release|Any CPU
		{AFF0A3B2-896F-4DA7-BAFF-B5E4BFB4ECA5}.Release|ARM.ActiveCfg = Release|Any CPU
		{AFF0A3B2-896F-4DA7-BAFF-B5E4BFB4ECA5}.Release|ARM.Build.0 = Release|Any CPU
		{AFF0A3B2-896F-4DA7-BAFF-B5E4BFB4ECA5}.Release|ARM.Deploy.0 = Release|Any CPU
		{AFF0A3B2-896F-4DA7-BAFF-B5E4BFB4ECA5}.Release|iPhone.ActiveCfg = Release|Any CPU
		{AFF0A3B2-896F-4DA7-BAFF-B5E4BFB4ECA5}.Release|iPhone.Build.0 = Release|Any CPU
		{AFF0A3B2-896F-4DA7-BAFF-B5E4BFB4ECA5}.Release|iPhone.Deploy.0 = Release|Any CPU
		{AFF0A3B2-896F-4DA7-BAFF-B5E4BFB4ECA5}.Release|iPhoneSimulator.ActiveCfg = Release|Any CPU
		{AFF0A3B2-896F-4DA7-BAFF-B5E4BFB4ECA5}.Release|iPhoneSimulator.Build.0 = Release|Any CPU
		{AFF0A3B2-896F-4DA7-BAFF-B5E4BFB4ECA5}.Release|iPhoneSimulator.Deploy.0 = Release|Any CPU
		{AFF0A3B2-896F-4DA7-BAFF-B5E4BFB4ECA5}.Release|x64.ActiveCfg = Release|Any CPU
		{AFF0A3B2-896F-4DA7-BAFF-B5E4BFB4ECA5}.Release|x64.Build.0 = Release|Any CPU
		{AFF0A3B2-896F-4DA7-BAFF-B5E4BFB4ECA5}.Release|x64.Deploy.0 = Release|Any CPU
		{AFF0A3B2-896F-4DA7-BAFF-B5E4BFB4ECA5}.Release|x86.ActiveCfg = Release|Any CPU
		{AFF0A3B2-896F-4DA7-BAFF-B5E4BFB4ECA5}.Release|x86.Build.0 = Release|Any CPU
		{AFF0A3B2-896F-4DA7-BAFF-B5E4BFB4ECA5}.Release|x86.Deploy.0 = Release|Any CPU
		{B5B0FB98-942F-4CC7-ABFB-77F2E32F6A8F}.Ad-Hoc|Any CPU.ActiveCfg = Ad-Hoc|iPhone
		{B5B0FB98-942F-4CC7-ABFB-77F2E32F6A8F}.Ad-Hoc|ARM.ActiveCfg = Ad-Hoc|iPhone
		{B5B0FB98-942F-4CC7-ABFB-77F2E32F6A8F}.Ad-Hoc|iPhone.ActiveCfg = Ad-Hoc|iPhone
		{B5B0FB98-942F-4CC7-ABFB-77F2E32F6A8F}.Ad-Hoc|iPhone.Build.0 = Ad-Hoc|iPhone
		{B5B0FB98-942F-4CC7-ABFB-77F2E32F6A8F}.Ad-Hoc|iPhoneSimulator.ActiveCfg = Ad-Hoc|iPhoneSimulator
		{B5B0FB98-942F-4CC7-ABFB-77F2E32F6A8F}.Ad-Hoc|iPhoneSimulator.Build.0 = Ad-Hoc|iPhoneSimulator
		{B5B0FB98-942F-4CC7-ABFB-77F2E32F6A8F}.Ad-Hoc|x64.ActiveCfg = Ad-Hoc|iPhone
		{B5B0FB98-942F-4CC7-ABFB-77F2E32F6A8F}.Ad-Hoc|x86.ActiveCfg = Ad-Hoc|iPhone
		{B5B0FB98-942F-4CC7-ABFB-77F2E32F6A8F}.AppStore|Any CPU.ActiveCfg = AppStore|iPhone
		{B5B0FB98-942F-4CC7-ABFB-77F2E32F6A8F}.AppStore|ARM.ActiveCfg = AppStore|iPhone
		{B5B0FB98-942F-4CC7-ABFB-77F2E32F6A8F}.AppStore|iPhone.ActiveCfg = AppStore|iPhone
		{B5B0FB98-942F-4CC7-ABFB-77F2E32F6A8F}.AppStore|iPhone.Build.0 = AppStore|iPhone
		{B5B0FB98-942F-4CC7-ABFB-77F2E32F6A8F}.AppStore|iPhoneSimulator.ActiveCfg = AppStore|iPhoneSimulator
		{B5B0FB98-942F-4CC7-ABFB-77F2E32F6A8F}.AppStore|iPhoneSimulator.Build.0 = AppStore|iPhoneSimulator
		{B5B0FB98-942F-4CC7-ABFB-77F2E32F6A8F}.AppStore|x64.ActiveCfg = AppStore|iPhone
		{B5B0FB98-942F-4CC7-ABFB-77F2E32F6A8F}.AppStore|x86.ActiveCfg = AppStore|iPhone
		{B5B0FB98-942F-4CC7-ABFB-77F2E32F6A8F}.Debug|Any CPU.ActiveCfg = Debug|iPhone
		{B5B0FB98-942F-4CC7-ABFB-77F2E32F6A8F}.Debug|ARM.ActiveCfg = Debug|iPhone
		{B5B0FB98-942F-4CC7-ABFB-77F2E32F6A8F}.Debug|iPhone.ActiveCfg = Debug|iPhone
		{B5B0FB98-942F-4CC7-ABFB-77F2E32F6A8F}.Debug|iPhone.Build.0 = Debug|iPhone
		{B5B0FB98-942F-4CC7-ABFB-77F2E32F6A8F}.Debug|iPhoneSimulator.ActiveCfg = Debug|iPhoneSimulator
		{B5B0FB98-942F-4CC7-ABFB-77F2E32F6A8F}.Debug|iPhoneSimulator.Build.0 = Debug|iPhoneSimulator
		{B5B0FB98-942F-4CC7-ABFB-77F2E32F6A8F}.Debug|x64.ActiveCfg = Debug|iPhone
		{B5B0FB98-942F-4CC7-ABFB-77F2E32F6A8F}.Debug|x86.ActiveCfg = Debug|iPhone
		{B5B0FB98-942F-4CC7-ABFB-77F2E32F6A8F}.Release|Any CPU.ActiveCfg = Release|iPhone
		{B5B0FB98-942F-4CC7-ABFB-77F2E32F6A8F}.Release|ARM.ActiveCfg = Release|iPhone
		{B5B0FB98-942F-4CC7-ABFB-77F2E32F6A8F}.Release|iPhone.ActiveCfg = Release|iPhone
		{B5B0FB98-942F-4CC7-ABFB-77F2E32F6A8F}.Release|iPhone.Build.0 = Release|iPhone
		{B5B0FB98-942F-4CC7-ABFB-77F2E32F6A8F}.Release|iPhoneSimulator.ActiveCfg = Release|iPhoneSimulator
		{B5B0FB98-942F-4CC7-ABFB-77F2E32F6A8F}.Release|iPhoneSimulator.Build.0 = Release|iPhoneSimulator
		{B5B0FB98-942F-4CC7-ABFB-77F2E32F6A8F}.Release|x64.ActiveCfg = Release|iPhone
		{B5B0FB98-942F-4CC7-ABFB-77F2E32F6A8F}.Release|x86.ActiveCfg = Release|iPhone
		{E2281767-05DC-4945-8A72-850B4DA611F5}.Ad-Hoc|Any CPU.ActiveCfg = Release|x86
		{E2281767-05DC-4945-8A72-850B4DA611F5}.Ad-Hoc|Any CPU.Build.0 = Release|x86
		{E2281767-05DC-4945-8A72-850B4DA611F5}.Ad-Hoc|Any CPU.Deploy.0 = Release|x86
		{E2281767-05DC-4945-8A72-850B4DA611F5}.Ad-Hoc|ARM.ActiveCfg = Release|ARM
		{E2281767-05DC-4945-8A72-850B4DA611F5}.Ad-Hoc|ARM.Build.0 = Release|ARM
		{E2281767-05DC-4945-8A72-850B4DA611F5}.Ad-Hoc|ARM.Deploy.0 = Release|ARM
		{E2281767-05DC-4945-8A72-850B4DA611F5}.Ad-Hoc|iPhone.ActiveCfg = Release|x86
		{E2281767-05DC-4945-8A72-850B4DA611F5}.Ad-Hoc|iPhone.Build.0 = Release|x86
		{E2281767-05DC-4945-8A72-850B4DA611F5}.Ad-Hoc|iPhone.Deploy.0 = Release|x86
		{E2281767-05DC-4945-8A72-850B4DA611F5}.Ad-Hoc|iPhoneSimulator.ActiveCfg = Release|x86
		{E2281767-05DC-4945-8A72-850B4DA611F5}.Ad-Hoc|iPhoneSimulator.Build.0 = Release|x86
		{E2281767-05DC-4945-8A72-850B4DA611F5}.Ad-Hoc|iPhoneSimulator.Deploy.0 = Release|x86
		{E2281767-05DC-4945-8A72-850B4DA611F5}.Ad-Hoc|x64.ActiveCfg = Release|x64
		{E2281767-05DC-4945-8A72-850B4DA611F5}.Ad-Hoc|x64.Build.0 = Release|x64
		{E2281767-05DC-4945-8A72-850B4DA611F5}.Ad-Hoc|x64.Deploy.0 = Release|x64
		{E2281767-05DC-4945-8A72-850B4DA611F5}.Ad-Hoc|x86.ActiveCfg = Release|x86
		{E2281767-05DC-4945-8A72-850B4DA611F5}.Ad-Hoc|x86.Build.0 = Release|x86
		{E2281767-05DC-4945-8A72-850B4DA611F5}.Ad-Hoc|x86.Deploy.0 = Release|x86
		{E2281767-05DC-4945-8A72-850B4DA611F5}.AppStore|Any CPU.ActiveCfg = Release|x86
		{E2281767-05DC-4945-8A72-850B4DA611F5}.AppStore|Any CPU.Build.0 = Release|x86
		{E2281767-05DC-4945-8A72-850B4DA611F5}.AppStore|Any CPU.Deploy.0 = Release|x86
		{E2281767-05DC-4945-8A72-850B4DA611F5}.AppStore|ARM.ActiveCfg = Release|ARM
		{E2281767-05DC-4945-8A72-850B4DA611F5}.AppStore|ARM.Build.0 = Release|ARM
		{E2281767-05DC-4945-8A72-850B4DA611F5}.AppStore|ARM.Deploy.0 = Release|ARM
		{E2281767-05DC-4945-8A72-850B4DA611F5}.AppStore|iPhone.ActiveCfg = Release|x86
		{E2281767-05DC-4945-8A72-850B4DA611F5}.AppStore|iPhone.Build.0 = Release|x86
		{E2281767-05DC-4945-8A72-850B4DA611F5}.AppStore|iPhone.Deploy.0 = Release|x86
		{E2281767-05DC-4945-8A72-850B4DA611F5}.AppStore|iPhoneSimulator.ActiveCfg = Release|x86
		{E2281767-05DC-4945-8A72-850B4DA611F5}.AppStore|iPhoneSimulator.Build.0 = Release|x86
		{E2281767-05DC-4945-8A72-850B4DA611F5}.AppStore|iPhoneSimulator.Deploy.0 = Release|x86
		{E2281767-05DC-4945-8A72-850B4DA611F5}.AppStore|x64.ActiveCfg = Release|x64
		{E2281767-05DC-4945-8A72-850B4DA611F5}.AppStore|x64.Build.0 = Release|x64
		{E2281767-05DC-4945-8A72-850B4DA611F5}.AppStore|x64.Deploy.0 = Release|x64
		{E2281767-05DC-4945-8A72-850B4DA611F5}.AppStore|x86.ActiveCfg = Release|x86
		{E2281767-05DC-4945-8A72-850B4DA611F5}.AppStore|x86.Build.0 = Release|x86
		{E2281767-05DC-4945-8A72-850B4DA611F5}.AppStore|x86.Deploy.0 = Release|x86
		{E2281767-05DC-4945-8A72-850B4DA611F5}.Debug|Any CPU.ActiveCfg = Debug|x86
		{E2281767-05DC-4945-8A72-850B4DA611F5}.Debug|ARM.ActiveCfg = Debug|ARM
		{E2281767-05DC-4945-8A72-850B4DA611F5}.Debug|ARM.Build.0 = Debug|ARM
		{E2281767-05DC-4945-8A72-850B4DA611F5}.Debug|ARM.Deploy.0 = Debug|ARM
		{E2281767-05DC-4945-8A72-850B4DA611F5}.Debug|iPhone.ActiveCfg = Debug|x86
		{E2281767-05DC-4945-8A72-850B4DA611F5}.Debug|iPhoneSimulator.ActiveCfg = Debug|x86
		{E2281767-05DC-4945-8A72-850B4DA611F5}.Debug|x64.ActiveCfg = Debug|x64
		{E2281767-05DC-4945-8A72-850B4DA611F5}.Debug|x64.Build.0 = Debug|x64
		{E2281767-05DC-4945-8A72-850B4DA611F5}.Debug|x64.Deploy.0 = Debug|x64
		{E2281767-05DC-4945-8A72-850B4DA611F5}.Debug|x86.ActiveCfg = Debug|x86
		{E2281767-05DC-4945-8A72-850B4DA611F5}.Debug|x86.Build.0 = Debug|x86
		{E2281767-05DC-4945-8A72-850B4DA611F5}.Debug|x86.Deploy.0 = Debug|x86
		{E2281767-05DC-4945-8A72-850B4DA611F5}.Release|Any CPU.ActiveCfg = Release|x86
		{E2281767-05DC-4945-8A72-850B4DA611F5}.Release|ARM.ActiveCfg = Release|ARM
		{E2281767-05DC-4945-8A72-850B4DA611F5}.Release|ARM.Build.0 = Release|ARM
		{E2281767-05DC-4945-8A72-850B4DA611F5}.Release|ARM.Deploy.0 = Release|ARM
		{E2281767-05DC-4945-8A72-850B4DA611F5}.Release|iPhone.ActiveCfg = Release|x86
		{E2281767-05DC-4945-8A72-850B4DA611F5}.Release|iPhoneSimulator.ActiveCfg = Release|x86
		{E2281767-05DC-4945-8A72-850B4DA611F5}.Release|x64.ActiveCfg = Release|x64
		{E2281767-05DC-4945-8A72-850B4DA611F5}.Release|x64.Build.0 = Release|x64
		{E2281767-05DC-4945-8A72-850B4DA611F5}.Release|x64.Deploy.0 = Release|x64
		{E2281767-05DC-4945-8A72-850B4DA611F5}.Release|x86.ActiveCfg = Release|x86
		{E2281767-05DC-4945-8A72-850B4DA611F5}.Release|x86.Build.0 = Release|x86
		{E2281767-05DC-4945-8A72-850B4DA611F5}.Release|x86.Deploy.0 = Release|x86
	EndGlobalSection
	GlobalSection(SolutionProperties) = preSolution
		HideSolutionNode = FALSE
	EndGlobalSection
EndGlobal
