
Microsoft Visual Studio Solution File, Format Version 12.00
# Visual Studio 15
VisualStudioVersion = 15.0.26430.4
MinimumVisualStudioVersion = 10.0.40219.1
Project("{9A19103F-16F7-4668-BE54-9A1E7A4F7556}") = "OQPYManager", "OQPYManager\OQPYManager.csproj", "{AD6ADBA5-184A-4445-84C5-0CE4EE0CC51E}"
EndProject
Project("{FAE04EC0-301F-11D3-BF4B-00C04F79EFBC}") = "OQPYBot", "OQPYBot\OQPYBot.csproj", "{A8BA1066-5695-4D71-ABB4-65E5A5E0C3D4}"
EndProject
Project("{2150E333-8FDC-42A3-9474-1A3956D46DE8}") = "Solution Items", "Solution Items", "{9E0FB1EE-05DC-45AA-816F-0F79004B7A47}"
	ProjectSection(SolutionItems) = preProject
		Docs\HighLevelOverview.jpg = Docs\HighLevelOverview.jpg
		Docs\Logo.png = Docs\Logo.png
		README.md = README.md
		RESTAPIDocs.md = RESTAPIDocs.md
	EndProjectSection
EndProject
Project("{9A19103F-16F7-4668-BE54-9A1E7A4F7556}") = "OQPYModels", "OQPYModels\OQPYModels.csproj", "{CB96F60F-632D-4420-84D0-9A641FFAA395}"
EndProject
Project("{9A19103F-16F7-4668-BE54-9A1E7A4F7556}") = "OQPYClient", "OQPYClient\OQPYClient.csproj", "{F01A57EB-850E-481E-BD63-423C74E53777}"
EndProject
Project("{9A19103F-16F7-4668-BE54-9A1E7A4F7556}") = "OQPYCralwer", "OQPYCralwer\OQPYCralwer.csproj", "{2F3E17B8-F4AE-42DB-BA83-4B8E8CFCC800}"
EndProject
Project("{FAE04EC0-301F-11D3-BF4B-00C04F79EFBC}") = "OQPYClientTests", "OQPYClientTests\OQPYClientTests.csproj", "{6EBCE773-0C34-4AEB-A01E-E4A1199F1CB3}"
EndProject
Project("{9A19103F-16F7-4668-BE54-9A1E7A4F7556}") = "OQPYEsp", "OQPYEsp\OQPYEsp.csproj", "{A9BB6616-A1D6-490E-A350-7ED97EA5C6E6}"
EndProject
Project("{FAE04EC0-301F-11D3-BF4B-00C04F79EFBC}") = "OQPYHelper", "OQPYHelper\OQPYHelper.csproj", "{E5DAF928-798F-4A50-97DE-5AB888B6D9B2}"
EndProject
Global
	GlobalSection(SolutionConfigurationPlatforms) = preSolution
		Debug|Any CPU = Debug|Any CPU
		Debug|x64 = Debug|x64
		Debug|x86 = Debug|x86
		DebugInProd|Any CPU = DebugInProd|Any CPU
		DebugInProd|x64 = DebugInProd|x64
		DebugInProd|x86 = DebugInProd|x86
		DebugOnlyBot|Any CPU = DebugOnlyBot|Any CPU
		DebugOnlyBot|x64 = DebugOnlyBot|x64
		DebugOnlyBot|x86 = DebugOnlyBot|x86
		Release|Any CPU = Release|Any CPU
		Release|x64 = Release|x64
		Release|x86 = Release|x86
	EndGlobalSection
	GlobalSection(ProjectConfigurationPlatforms) = postSolution
		{AD6ADBA5-184A-4445-84C5-0CE4EE0CC51E}.Debug|Any CPU.ActiveCfg = Debug|Any CPU
		{AD6ADBA5-184A-4445-84C5-0CE4EE0CC51E}.Debug|Any CPU.Build.0 = Debug|Any CPU
		{AD6ADBA5-184A-4445-84C5-0CE4EE0CC51E}.Debug|x64.ActiveCfg = Debug|Any CPU
		{AD6ADBA5-184A-4445-84C5-0CE4EE0CC51E}.Debug|x64.Build.0 = Debug|Any CPU
		{AD6ADBA5-184A-4445-84C5-0CE4EE0CC51E}.Debug|x86.ActiveCfg = Debug|Any CPU
		{AD6ADBA5-184A-4445-84C5-0CE4EE0CC51E}.Debug|x86.Build.0 = Debug|Any CPU
		{AD6ADBA5-184A-4445-84C5-0CE4EE0CC51E}.DebugInProd|Any CPU.ActiveCfg = DebugOnlyBot|Any CPU
		{AD6ADBA5-184A-4445-84C5-0CE4EE0CC51E}.DebugInProd|Any CPU.Build.0 = DebugOnlyBot|Any CPU
		{AD6ADBA5-184A-4445-84C5-0CE4EE0CC51E}.DebugInProd|x64.ActiveCfg = DebugOnlyBot|Any CPU
		{AD6ADBA5-184A-4445-84C5-0CE4EE0CC51E}.DebugInProd|x64.Build.0 = DebugOnlyBot|Any CPU
		{AD6ADBA5-184A-4445-84C5-0CE4EE0CC51E}.DebugInProd|x86.ActiveCfg = DebugOnlyBot|Any CPU
		{AD6ADBA5-184A-4445-84C5-0CE4EE0CC51E}.DebugInProd|x86.Build.0 = DebugOnlyBot|Any CPU
		{AD6ADBA5-184A-4445-84C5-0CE4EE0CC51E}.DebugOnlyBot|Any CPU.ActiveCfg = Debug|Any CPU
		{AD6ADBA5-184A-4445-84C5-0CE4EE0CC51E}.DebugOnlyBot|Any CPU.Build.0 = Debug|Any CPU
		{AD6ADBA5-184A-4445-84C5-0CE4EE0CC51E}.DebugOnlyBot|x64.ActiveCfg = Debug|Any CPU
		{AD6ADBA5-184A-4445-84C5-0CE4EE0CC51E}.DebugOnlyBot|x64.Build.0 = Debug|Any CPU
		{AD6ADBA5-184A-4445-84C5-0CE4EE0CC51E}.DebugOnlyBot|x86.ActiveCfg = Debug|Any CPU
		{AD6ADBA5-184A-4445-84C5-0CE4EE0CC51E}.DebugOnlyBot|x86.Build.0 = Debug|Any CPU
		{AD6ADBA5-184A-4445-84C5-0CE4EE0CC51E}.Release|Any CPU.ActiveCfg = Release|Any CPU
		{AD6ADBA5-184A-4445-84C5-0CE4EE0CC51E}.Release|Any CPU.Build.0 = Release|Any CPU
		{AD6ADBA5-184A-4445-84C5-0CE4EE0CC51E}.Release|x64.ActiveCfg = Release|Any CPU
		{AD6ADBA5-184A-4445-84C5-0CE4EE0CC51E}.Release|x64.Build.0 = Release|Any CPU
		{AD6ADBA5-184A-4445-84C5-0CE4EE0CC51E}.Release|x86.ActiveCfg = Release|Any CPU
		{AD6ADBA5-184A-4445-84C5-0CE4EE0CC51E}.Release|x86.Build.0 = Release|Any CPU
		{A8BA1066-5695-4D71-ABB4-65E5A5E0C3D4}.Debug|Any CPU.ActiveCfg = Debug|Any CPU
		{A8BA1066-5695-4D71-ABB4-65E5A5E0C3D4}.Debug|Any CPU.Build.0 = Debug|Any CPU
		{A8BA1066-5695-4D71-ABB4-65E5A5E0C3D4}.Debug|x64.ActiveCfg = Debug|Any CPU
		{A8BA1066-5695-4D71-ABB4-65E5A5E0C3D4}.Debug|x64.Build.0 = Debug|Any CPU
		{A8BA1066-5695-4D71-ABB4-65E5A5E0C3D4}.Debug|x86.ActiveCfg = Debug|Any CPU
		{A8BA1066-5695-4D71-ABB4-65E5A5E0C3D4}.Debug|x86.Build.0 = Debug|Any CPU
		{A8BA1066-5695-4D71-ABB4-65E5A5E0C3D4}.DebugInProd|Any CPU.ActiveCfg = DebugInProd|Any CPU
		{A8BA1066-5695-4D71-ABB4-65E5A5E0C3D4}.DebugInProd|Any CPU.Build.0 = DebugInProd|Any CPU
		{A8BA1066-5695-4D71-ABB4-65E5A5E0C3D4}.DebugInProd|x64.ActiveCfg = DebugInProd|Any CPU
		{A8BA1066-5695-4D71-ABB4-65E5A5E0C3D4}.DebugInProd|x64.Build.0 = DebugInProd|Any CPU
		{A8BA1066-5695-4D71-ABB4-65E5A5E0C3D4}.DebugInProd|x86.ActiveCfg = DebugInProd|Any CPU
		{A8BA1066-5695-4D71-ABB4-65E5A5E0C3D4}.DebugInProd|x86.Build.0 = DebugInProd|Any CPU
		{A8BA1066-5695-4D71-ABB4-65E5A5E0C3D4}.DebugOnlyBot|Any CPU.ActiveCfg = DebugOnlyBot|Any CPU
		{A8BA1066-5695-4D71-ABB4-65E5A5E0C3D4}.DebugOnlyBot|Any CPU.Build.0 = DebugOnlyBot|Any CPU
		{A8BA1066-5695-4D71-ABB4-65E5A5E0C3D4}.DebugOnlyBot|x64.ActiveCfg = DebugOnlyBot|Any CPU
		{A8BA1066-5695-4D71-ABB4-65E5A5E0C3D4}.DebugOnlyBot|x64.Build.0 = DebugOnlyBot|Any CPU
		{A8BA1066-5695-4D71-ABB4-65E5A5E0C3D4}.DebugOnlyBot|x86.ActiveCfg = DebugOnlyBot|Any CPU
		{A8BA1066-5695-4D71-ABB4-65E5A5E0C3D4}.DebugOnlyBot|x86.Build.0 = DebugOnlyBot|Any CPU
		{A8BA1066-5695-4D71-ABB4-65E5A5E0C3D4}.Release|Any CPU.ActiveCfg = Release|Any CPU
		{A8BA1066-5695-4D71-ABB4-65E5A5E0C3D4}.Release|Any CPU.Build.0 = Release|Any CPU
		{A8BA1066-5695-4D71-ABB4-65E5A5E0C3D4}.Release|x64.ActiveCfg = Release|Any CPU
		{A8BA1066-5695-4D71-ABB4-65E5A5E0C3D4}.Release|x64.Build.0 = Release|Any CPU
		{A8BA1066-5695-4D71-ABB4-65E5A5E0C3D4}.Release|x86.ActiveCfg = Release|Any CPU
		{A8BA1066-5695-4D71-ABB4-65E5A5E0C3D4}.Release|x86.Build.0 = Release|Any CPU
		{CB96F60F-632D-4420-84D0-9A641FFAA395}.Debug|Any CPU.ActiveCfg = Debug|Any CPU
		{CB96F60F-632D-4420-84D0-9A641FFAA395}.Debug|Any CPU.Build.0 = Debug|Any CPU
		{CB96F60F-632D-4420-84D0-9A641FFAA395}.Debug|x64.ActiveCfg = Debug|Any CPU
		{CB96F60F-632D-4420-84D0-9A641FFAA395}.Debug|x64.Build.0 = Debug|Any CPU
		{CB96F60F-632D-4420-84D0-9A641FFAA395}.Debug|x86.ActiveCfg = Debug|Any CPU
		{CB96F60F-632D-4420-84D0-9A641FFAA395}.Debug|x86.Build.0 = Debug|Any CPU
		{CB96F60F-632D-4420-84D0-9A641FFAA395}.DebugInProd|Any CPU.ActiveCfg = DebugOnlyBot|Any CPU
		{CB96F60F-632D-4420-84D0-9A641FFAA395}.DebugInProd|Any CPU.Build.0 = DebugOnlyBot|Any CPU
		{CB96F60F-632D-4420-84D0-9A641FFAA395}.DebugInProd|x64.ActiveCfg = DebugOnlyBot|Any CPU
		{CB96F60F-632D-4420-84D0-9A641FFAA395}.DebugInProd|x64.Build.0 = DebugOnlyBot|Any CPU
		{CB96F60F-632D-4420-84D0-9A641FFAA395}.DebugInProd|x86.ActiveCfg = DebugOnlyBot|Any CPU
		{CB96F60F-632D-4420-84D0-9A641FFAA395}.DebugInProd|x86.Build.0 = DebugOnlyBot|Any CPU
		{CB96F60F-632D-4420-84D0-9A641FFAA395}.DebugOnlyBot|Any CPU.ActiveCfg = Debug|Any CPU
		{CB96F60F-632D-4420-84D0-9A641FFAA395}.DebugOnlyBot|Any CPU.Build.0 = Debug|Any CPU
		{CB96F60F-632D-4420-84D0-9A641FFAA395}.DebugOnlyBot|x64.ActiveCfg = Debug|Any CPU
		{CB96F60F-632D-4420-84D0-9A641FFAA395}.DebugOnlyBot|x64.Build.0 = Debug|Any CPU
		{CB96F60F-632D-4420-84D0-9A641FFAA395}.DebugOnlyBot|x86.ActiveCfg = Debug|Any CPU
		{CB96F60F-632D-4420-84D0-9A641FFAA395}.DebugOnlyBot|x86.Build.0 = Debug|Any CPU
		{CB96F60F-632D-4420-84D0-9A641FFAA395}.Release|Any CPU.ActiveCfg = Release|Any CPU
		{CB96F60F-632D-4420-84D0-9A641FFAA395}.Release|Any CPU.Build.0 = Release|Any CPU
		{CB96F60F-632D-4420-84D0-9A641FFAA395}.Release|x64.ActiveCfg = Release|Any CPU
		{CB96F60F-632D-4420-84D0-9A641FFAA395}.Release|x64.Build.0 = Release|Any CPU
		{CB96F60F-632D-4420-84D0-9A641FFAA395}.Release|x86.ActiveCfg = Release|Any CPU
		{CB96F60F-632D-4420-84D0-9A641FFAA395}.Release|x86.Build.0 = Release|Any CPU
		{F01A57EB-850E-481E-BD63-423C74E53777}.Debug|Any CPU.ActiveCfg = Debug|Any CPU
		{F01A57EB-850E-481E-BD63-423C74E53777}.Debug|Any CPU.Build.0 = Debug|Any CPU
		{F01A57EB-850E-481E-BD63-423C74E53777}.Debug|x64.ActiveCfg = Debug|Any CPU
		{F01A57EB-850E-481E-BD63-423C74E53777}.Debug|x64.Build.0 = Debug|Any CPU
		{F01A57EB-850E-481E-BD63-423C74E53777}.Debug|x86.ActiveCfg = Debug|Any CPU
		{F01A57EB-850E-481E-BD63-423C74E53777}.Debug|x86.Build.0 = Debug|Any CPU
		{F01A57EB-850E-481E-BD63-423C74E53777}.DebugInProd|Any CPU.ActiveCfg = Debug|Any CPU
		{F01A57EB-850E-481E-BD63-423C74E53777}.DebugInProd|Any CPU.Build.0 = Debug|Any CPU
		{F01A57EB-850E-481E-BD63-423C74E53777}.DebugInProd|x64.ActiveCfg = DebugOnlyBot|Any CPU
		{F01A57EB-850E-481E-BD63-423C74E53777}.DebugInProd|x64.Build.0 = DebugOnlyBot|Any CPU
		{F01A57EB-850E-481E-BD63-423C74E53777}.DebugInProd|x86.ActiveCfg = DebugOnlyBot|Any CPU
		{F01A57EB-850E-481E-BD63-423C74E53777}.DebugInProd|x86.Build.0 = DebugOnlyBot|Any CPU
		{F01A57EB-850E-481E-BD63-423C74E53777}.DebugOnlyBot|Any CPU.ActiveCfg = Debug|Any CPU
		{F01A57EB-850E-481E-BD63-423C74E53777}.DebugOnlyBot|Any CPU.Build.0 = Debug|Any CPU
		{F01A57EB-850E-481E-BD63-423C74E53777}.DebugOnlyBot|x64.ActiveCfg = Debug|Any CPU
		{F01A57EB-850E-481E-BD63-423C74E53777}.DebugOnlyBot|x64.Build.0 = Debug|Any CPU
		{F01A57EB-850E-481E-BD63-423C74E53777}.DebugOnlyBot|x86.ActiveCfg = Debug|Any CPU
		{F01A57EB-850E-481E-BD63-423C74E53777}.DebugOnlyBot|x86.Build.0 = Debug|Any CPU
		{F01A57EB-850E-481E-BD63-423C74E53777}.Release|Any CPU.ActiveCfg = Release|Any CPU
		{F01A57EB-850E-481E-BD63-423C74E53777}.Release|Any CPU.Build.0 = Release|Any CPU
		{F01A57EB-850E-481E-BD63-423C74E53777}.Release|x64.ActiveCfg = Release|Any CPU
		{F01A57EB-850E-481E-BD63-423C74E53777}.Release|x64.Build.0 = Release|Any CPU
		{F01A57EB-850E-481E-BD63-423C74E53777}.Release|x86.ActiveCfg = Release|Any CPU
		{F01A57EB-850E-481E-BD63-423C74E53777}.Release|x86.Build.0 = Release|Any CPU
		{2F3E17B8-F4AE-42DB-BA83-4B8E8CFCC800}.Debug|Any CPU.ActiveCfg = Debug|Any CPU
		{2F3E17B8-F4AE-42DB-BA83-4B8E8CFCC800}.Debug|Any CPU.Build.0 = Debug|Any CPU
		{2F3E17B8-F4AE-42DB-BA83-4B8E8CFCC800}.Debug|x64.ActiveCfg = Debug|Any CPU
		{2F3E17B8-F4AE-42DB-BA83-4B8E8CFCC800}.Debug|x64.Build.0 = Debug|Any CPU
		{2F3E17B8-F4AE-42DB-BA83-4B8E8CFCC800}.Debug|x86.ActiveCfg = Debug|Any CPU
		{2F3E17B8-F4AE-42DB-BA83-4B8E8CFCC800}.Debug|x86.Build.0 = Debug|Any CPU
		{2F3E17B8-F4AE-42DB-BA83-4B8E8CFCC800}.DebugInProd|Any CPU.ActiveCfg = DebugOnlyBot|Any CPU
		{2F3E17B8-F4AE-42DB-BA83-4B8E8CFCC800}.DebugInProd|Any CPU.Build.0 = DebugOnlyBot|Any CPU
		{2F3E17B8-F4AE-42DB-BA83-4B8E8CFCC800}.DebugInProd|x64.ActiveCfg = DebugOnlyBot|Any CPU
		{2F3E17B8-F4AE-42DB-BA83-4B8E8CFCC800}.DebugInProd|x64.Build.0 = DebugOnlyBot|Any CPU
		{2F3E17B8-F4AE-42DB-BA83-4B8E8CFCC800}.DebugInProd|x86.ActiveCfg = DebugOnlyBot|Any CPU
		{2F3E17B8-F4AE-42DB-BA83-4B8E8CFCC800}.DebugInProd|x86.Build.0 = DebugOnlyBot|Any CPU
		{2F3E17B8-F4AE-42DB-BA83-4B8E8CFCC800}.DebugOnlyBot|Any CPU.ActiveCfg = Debug|Any CPU
		{2F3E17B8-F4AE-42DB-BA83-4B8E8CFCC800}.DebugOnlyBot|Any CPU.Build.0 = Debug|Any CPU
		{2F3E17B8-F4AE-42DB-BA83-4B8E8CFCC800}.DebugOnlyBot|x64.ActiveCfg = Debug|Any CPU
		{2F3E17B8-F4AE-42DB-BA83-4B8E8CFCC800}.DebugOnlyBot|x64.Build.0 = Debug|Any CPU
		{2F3E17B8-F4AE-42DB-BA83-4B8E8CFCC800}.DebugOnlyBot|x86.ActiveCfg = Debug|Any CPU
		{2F3E17B8-F4AE-42DB-BA83-4B8E8CFCC800}.DebugOnlyBot|x86.Build.0 = Debug|Any CPU
		{2F3E17B8-F4AE-42DB-BA83-4B8E8CFCC800}.Release|Any CPU.ActiveCfg = Release|Any CPU
		{2F3E17B8-F4AE-42DB-BA83-4B8E8CFCC800}.Release|Any CPU.Build.0 = Release|Any CPU
		{2F3E17B8-F4AE-42DB-BA83-4B8E8CFCC800}.Release|x64.ActiveCfg = Release|Any CPU
		{2F3E17B8-F4AE-42DB-BA83-4B8E8CFCC800}.Release|x64.Build.0 = Release|Any CPU
		{2F3E17B8-F4AE-42DB-BA83-4B8E8CFCC800}.Release|x86.ActiveCfg = Release|Any CPU
		{2F3E17B8-F4AE-42DB-BA83-4B8E8CFCC800}.Release|x86.Build.0 = Release|Any CPU
		{6EBCE773-0C34-4AEB-A01E-E4A1199F1CB3}.Debug|Any CPU.ActiveCfg = Debug|Any CPU
		{6EBCE773-0C34-4AEB-A01E-E4A1199F1CB3}.Debug|Any CPU.Build.0 = Debug|Any CPU
		{6EBCE773-0C34-4AEB-A01E-E4A1199F1CB3}.Debug|x64.ActiveCfg = Debug|Any CPU
		{6EBCE773-0C34-4AEB-A01E-E4A1199F1CB3}.Debug|x64.Build.0 = Debug|Any CPU
		{6EBCE773-0C34-4AEB-A01E-E4A1199F1CB3}.Debug|x86.ActiveCfg = Debug|Any CPU
		{6EBCE773-0C34-4AEB-A01E-E4A1199F1CB3}.Debug|x86.Build.0 = Debug|Any CPU
		{6EBCE773-0C34-4AEB-A01E-E4A1199F1CB3}.DebugInProd|Any CPU.ActiveCfg = DebugOnlyBot|Any CPU
		{6EBCE773-0C34-4AEB-A01E-E4A1199F1CB3}.DebugInProd|Any CPU.Build.0 = DebugOnlyBot|Any CPU
		{6EBCE773-0C34-4AEB-A01E-E4A1199F1CB3}.DebugInProd|x64.ActiveCfg = DebugOnlyBot|Any CPU
		{6EBCE773-0C34-4AEB-A01E-E4A1199F1CB3}.DebugInProd|x64.Build.0 = DebugOnlyBot|Any CPU
		{6EBCE773-0C34-4AEB-A01E-E4A1199F1CB3}.DebugInProd|x86.ActiveCfg = DebugOnlyBot|Any CPU
		{6EBCE773-0C34-4AEB-A01E-E4A1199F1CB3}.DebugInProd|x86.Build.0 = DebugOnlyBot|Any CPU
		{6EBCE773-0C34-4AEB-A01E-E4A1199F1CB3}.DebugOnlyBot|Any CPU.ActiveCfg = DebugOnlyBot|Any CPU
		{6EBCE773-0C34-4AEB-A01E-E4A1199F1CB3}.DebugOnlyBot|Any CPU.Build.0 = DebugOnlyBot|Any CPU
		{6EBCE773-0C34-4AEB-A01E-E4A1199F1CB3}.DebugOnlyBot|x64.ActiveCfg = DebugOnlyBot|Any CPU
		{6EBCE773-0C34-4AEB-A01E-E4A1199F1CB3}.DebugOnlyBot|x64.Build.0 = DebugOnlyBot|Any CPU
		{6EBCE773-0C34-4AEB-A01E-E4A1199F1CB3}.DebugOnlyBot|x86.ActiveCfg = DebugOnlyBot|Any CPU
		{6EBCE773-0C34-4AEB-A01E-E4A1199F1CB3}.DebugOnlyBot|x86.Build.0 = DebugOnlyBot|Any CPU
		{6EBCE773-0C34-4AEB-A01E-E4A1199F1CB3}.Release|Any CPU.ActiveCfg = Release|Any CPU
		{6EBCE773-0C34-4AEB-A01E-E4A1199F1CB3}.Release|Any CPU.Build.0 = Release|Any CPU
		{6EBCE773-0C34-4AEB-A01E-E4A1199F1CB3}.Release|x64.ActiveCfg = Release|Any CPU
		{6EBCE773-0C34-4AEB-A01E-E4A1199F1CB3}.Release|x64.Build.0 = Release|Any CPU
		{6EBCE773-0C34-4AEB-A01E-E4A1199F1CB3}.Release|x86.ActiveCfg = Release|Any CPU
		{6EBCE773-0C34-4AEB-A01E-E4A1199F1CB3}.Release|x86.Build.0 = Release|Any CPU
		{A9BB6616-A1D6-490E-A350-7ED97EA5C6E6}.Debug|Any CPU.ActiveCfg = Debug|Any CPU
		{A9BB6616-A1D6-490E-A350-7ED97EA5C6E6}.Debug|Any CPU.Build.0 = Debug|Any CPU
		{A9BB6616-A1D6-490E-A350-7ED97EA5C6E6}.Debug|x64.ActiveCfg = Debug|Any CPU
		{A9BB6616-A1D6-490E-A350-7ED97EA5C6E6}.Debug|x64.Build.0 = Debug|Any CPU
		{A9BB6616-A1D6-490E-A350-7ED97EA5C6E6}.Debug|x86.ActiveCfg = Debug|Any CPU
		{A9BB6616-A1D6-490E-A350-7ED97EA5C6E6}.Debug|x86.Build.0 = Debug|Any CPU
		{A9BB6616-A1D6-490E-A350-7ED97EA5C6E6}.DebugInProd|Any CPU.ActiveCfg = DebugOnlyBot|Any CPU
		{A9BB6616-A1D6-490E-A350-7ED97EA5C6E6}.DebugInProd|Any CPU.Build.0 = DebugOnlyBot|Any CPU
		{A9BB6616-A1D6-490E-A350-7ED97EA5C6E6}.DebugInProd|x64.ActiveCfg = DebugOnlyBot|Any CPU
		{A9BB6616-A1D6-490E-A350-7ED97EA5C6E6}.DebugInProd|x64.Build.0 = DebugOnlyBot|Any CPU
		{A9BB6616-A1D6-490E-A350-7ED97EA5C6E6}.DebugInProd|x86.ActiveCfg = DebugOnlyBot|Any CPU
		{A9BB6616-A1D6-490E-A350-7ED97EA5C6E6}.DebugInProd|x86.Build.0 = DebugOnlyBot|Any CPU
		{A9BB6616-A1D6-490E-A350-7ED97EA5C6E6}.DebugOnlyBot|Any CPU.ActiveCfg = Debug|Any CPU
		{A9BB6616-A1D6-490E-A350-7ED97EA5C6E6}.DebugOnlyBot|Any CPU.Build.0 = Debug|Any CPU
		{A9BB6616-A1D6-490E-A350-7ED97EA5C6E6}.DebugOnlyBot|x64.ActiveCfg = Debug|Any CPU
		{A9BB6616-A1D6-490E-A350-7ED97EA5C6E6}.DebugOnlyBot|x64.Build.0 = Debug|Any CPU
		{A9BB6616-A1D6-490E-A350-7ED97EA5C6E6}.DebugOnlyBot|x86.ActiveCfg = Debug|Any CPU
		{A9BB6616-A1D6-490E-A350-7ED97EA5C6E6}.DebugOnlyBot|x86.Build.0 = Debug|Any CPU
		{A9BB6616-A1D6-490E-A350-7ED97EA5C6E6}.Release|Any CPU.ActiveCfg = Release|Any CPU
		{A9BB6616-A1D6-490E-A350-7ED97EA5C6E6}.Release|Any CPU.Build.0 = Release|Any CPU
		{A9BB6616-A1D6-490E-A350-7ED97EA5C6E6}.Release|x64.ActiveCfg = Release|Any CPU
		{A9BB6616-A1D6-490E-A350-7ED97EA5C6E6}.Release|x64.Build.0 = Release|Any CPU
		{A9BB6616-A1D6-490E-A350-7ED97EA5C6E6}.Release|x86.ActiveCfg = Release|Any CPU
		{A9BB6616-A1D6-490E-A350-7ED97EA5C6E6}.Release|x86.Build.0 = Release|Any CPU
		{E5DAF928-798F-4A50-97DE-5AB888B6D9B2}.Debug|Any CPU.ActiveCfg = Debug|Any CPU
		{E5DAF928-798F-4A50-97DE-5AB888B6D9B2}.Debug|Any CPU.Build.0 = Debug|Any CPU
		{E5DAF928-798F-4A50-97DE-5AB888B6D9B2}.Debug|x64.ActiveCfg = Debug|Any CPU
		{E5DAF928-798F-4A50-97DE-5AB888B6D9B2}.Debug|x64.Build.0 = Debug|Any CPU
		{E5DAF928-798F-4A50-97DE-5AB888B6D9B2}.Debug|x86.ActiveCfg = Debug|Any CPU
		{E5DAF928-798F-4A50-97DE-5AB888B6D9B2}.Debug|x86.Build.0 = Debug|Any CPU
		{E5DAF928-798F-4A50-97DE-5AB888B6D9B2}.DebugInProd|Any CPU.ActiveCfg = Debug|Any CPU
		{E5DAF928-798F-4A50-97DE-5AB888B6D9B2}.DebugInProd|Any CPU.Build.0 = Debug|Any CPU
		{E5DAF928-798F-4A50-97DE-5AB888B6D9B2}.DebugInProd|x64.ActiveCfg = Debug|Any CPU
		{E5DAF928-798F-4A50-97DE-5AB888B6D9B2}.DebugInProd|x64.Build.0 = Debug|Any CPU
		{E5DAF928-798F-4A50-97DE-5AB888B6D9B2}.DebugInProd|x86.ActiveCfg = Debug|Any CPU
		{E5DAF928-798F-4A50-97DE-5AB888B6D9B2}.DebugInProd|x86.Build.0 = Debug|Any CPU
		{E5DAF928-798F-4A50-97DE-5AB888B6D9B2}.DebugOnlyBot|Any CPU.ActiveCfg = Debug|Any CPU
		{E5DAF928-798F-4A50-97DE-5AB888B6D9B2}.DebugOnlyBot|Any CPU.Build.0 = Debug|Any CPU
		{E5DAF928-798F-4A50-97DE-5AB888B6D9B2}.DebugOnlyBot|x64.ActiveCfg = Debug|Any CPU
		{E5DAF928-798F-4A50-97DE-5AB888B6D9B2}.DebugOnlyBot|x64.Build.0 = Debug|Any CPU
		{E5DAF928-798F-4A50-97DE-5AB888B6D9B2}.DebugOnlyBot|x86.ActiveCfg = Debug|Any CPU
		{E5DAF928-798F-4A50-97DE-5AB888B6D9B2}.DebugOnlyBot|x86.Build.0 = Debug|Any CPU
		{E5DAF928-798F-4A50-97DE-5AB888B6D9B2}.Release|Any CPU.ActiveCfg = Release|Any CPU
		{E5DAF928-798F-4A50-97DE-5AB888B6D9B2}.Release|Any CPU.Build.0 = Release|Any CPU
		{E5DAF928-798F-4A50-97DE-5AB888B6D9B2}.Release|x64.ActiveCfg = Release|Any CPU
		{E5DAF928-798F-4A50-97DE-5AB888B6D9B2}.Release|x64.Build.0 = Release|Any CPU
		{E5DAF928-798F-4A50-97DE-5AB888B6D9B2}.Release|x86.ActiveCfg = Release|Any CPU
		{E5DAF928-798F-4A50-97DE-5AB888B6D9B2}.Release|x86.Build.0 = Release|Any CPU
	EndGlobalSection
	GlobalSection(SolutionProperties) = preSolution
		HideSolutionNode = FALSE
	EndGlobalSection
EndGlobal
